
Microsoft Visual Studio Solution File, Format Version 12.00
# Visual Studio 15
VisualStudioVersion = 15.0.27428.2015
MinimumVisualStudioVersion = 10.0.40219.1
Project("{FAE04EC0-301F-11D3-BF4B-00C04F79EFBC}") = "MVCProyectoIntegrador", "MVCProyectoIntegrador\MVCProyectoIntegrador.csproj", "{F82B24C0-6586-4F2F-AB15-F7EA8A033A97}"
EndProject
Project("{FAE04EC0-301F-11D3-BF4B-00C04F79EFBC}") = "BE", "BE\BE.csproj", "{3273A7E4-04BC-4DF6-9D0A-9AACE3E17B4F}"
EndProject
Project("{FAE04EC0-301F-11D3-BF4B-00C04F79EFBC}") = "BL", "BL\BL.csproj", "{1523C8A3-1A28-4060-B71E-D87F40B0C500}"
EndProject
Project("{FAE04EC0-301F-11D3-BF4B-00C04F79EFBC}") = "DA", "DA\DA.csproj", "{6616B208-562B-476C-B14D-D3A38D2ACF96}"
EndProject
Project("{FAE04EC0-301F-11D3-BF4B-00C04F79EFBC}") = "Utilitario", "Utilitario\Utilitario.csproj", "{ED21758B-C6CB-4F76-91F5-318ABF6F1968}"
EndProject
Global
	GlobalSection(SolutionConfigurationPlatforms) = preSolution
		Debug|Any CPU = Debug|Any CPU
		Release|Any CPU = Release|Any CPU
	EndGlobalSection
	GlobalSection(ProjectConfigurationPlatforms) = postSolution
		{F82B24C0-6586-4F2F-AB15-F7EA8A033A97}.Debug|Any CPU.ActiveCfg = Debug|Any CPU
		{F82B24C0-6586-4F2F-AB15-F7EA8A033A97}.Debug|Any CPU.Build.0 = Debug|Any CPU
		{F82B24C0-6586-4F2F-AB15-F7EA8A033A97}.Release|Any CPU.ActiveCfg = Release|Any CPU
		{F82B24C0-6586-4F2F-AB15-F7EA8A033A97}.Release|Any CPU.Build.0 = Release|Any CPU
		{3273A7E4-04BC-4DF6-9D0A-9AACE3E17B4F}.Debug|Any CPU.ActiveCfg = Debug|Any CPU
		{3273A7E4-04BC-4DF6-9D0A-9AACE3E17B4F}.Debug|Any CPU.Build.0 = Debug|Any CPU
		{3273A7E4-04BC-4DF6-9D0A-9AACE3E17B4F}.Release|Any CPU.ActiveCfg = Release|Any CPU
		{3273A7E4-04BC-4DF6-9D0A-9AACE3E17B4F}.Release|Any CPU.Build.0 = Release|Any CPU
		{1523C8A3-1A28-4060-B71E-D87F40B0C500}.Debug|Any CPU.ActiveCfg = Debug|Any CPU
		{1523C8A3-1A28-4060-B71E-D87F40B0C500}.Debug|Any CPU.Build.0 = Debug|Any CPU
		{1523C8A3-1A28-4060-B71E-D87F40B0C500}.Release|Any CPU.ActiveCfg = Release|Any CPU
		{1523C8A3-1A28-4060-B71E-D87F40B0C500}.Release|Any CPU.Build.0 = Release|Any CPU
		{6616B208-562B-476C-B14D-D3A38D2ACF96}.Debug|Any CPU.ActiveCfg = Debug|Any CPU
		{6616B208-562B-476C-B14D-D3A38D2ACF96}.Debug|Any CPU.Build.0 = Debug|Any CPU
		{6616B208-562B-476C-B14D-D3A38D2ACF96}.Release|Any CPU.ActiveCfg = Release|Any CPU
		{6616B208-562B-476C-B14D-D3A38D2ACF96}.Release|Any CPU.Build.0 = Release|Any CPU
		{ED21758B-C6CB-4F76-91F5-318ABF6F1968}.Debug|Any CPU.ActiveCfg = Debug|Any CPU
		{ED21758B-C6CB-4F76-91F5-318ABF6F1968}.Debug|Any CPU.Build.0 = Debug|Any CPU
		{ED21758B-C6CB-4F76-91F5-318ABF6F1968}.Release|Any CPU.ActiveCfg = Release|Any CPU
		{ED21758B-C6CB-4F76-91F5-318ABF6F1968}.Release|Any CPU.Build.0 = Release|Any CPU
	EndGlobalSection
	GlobalSection(SolutionProperties) = preSolution
		HideSolutionNode = FALSE
	EndGlobalSection
	GlobalSection(ExtensibilityGlobals) = postSolution
		SolutionGuid = {C92D9E99-9680-47F9-A09A-D830C43E411E}
	EndGlobalSection
	GlobalSection(TeamFoundationVersionControl) = preSolution
		SccNumberOfProjects = 6
		SccEnterpriseProvider = {4CA58AB2-18FA-4F8D-95D4-32DDF27D184C}
		SccTeamFoundationServer = https://xfreynaga.visualstudio.com/
		SccLocalPath0 = .
		SccProjectUniqueName1 = BE\\BE.csproj
		SccProjectName1 = BE
		SccLocalPath1 = BE
		SccProjectUniqueName2 = BL\\BL.csproj
		SccProjectName2 = BL
		SccLocalPath2 = BL
		SccProjectUniqueName3 = DA\\DA.csproj
		SccProjectName3 = DA
		SccLocalPath3 = DA
		SccProjectUniqueName4 = MVCProyectoIntegrador\\MVCProyectoIntegrador.csproj
		SccProjectName4 = MVCProyectoIntegrador
		SccLocalPath4 = MVCProyectoIntegrador
		SccProjectUniqueName5 = Utilitario\\Utilitario.csproj
		SccProjectName5 = Utilitario
		SccLocalPath5 = Utilitario
	EndGlobalSection
EndGlobal
